
Microsoft Visual Studio Solution File, Format Version 12.00
# Visual Studio Version 16
VisualStudioVersion = 16.0.29025.244
MinimumVisualStudioVersion = 10.0.40219.1
Project("{9A19103F-16F7-4668-BE54-9A1E7A4F7556}") = "Lib.Queueing.Client", "src\Queueing.Client\Lib.Queueing.Client.csproj", "{AB1FB49A-1EF0-4F32-8663-EE0013D1C182}"
EndProject
Global
	GlobalSection(SolutionConfigurationPlatforms) = preSolution
		Debug|Any CPU = Debug|Any CPU
		Release|Any CPU = Release|Any CPU
	EndGlobalSection
	GlobalSection(ProjectConfigurationPlatforms) = postSolution
		{AB1FB49A-1EF0-4F32-8663-EE0013D1C182}.Debug|Any CPU.ActiveCfg = Debug|Any CPU
		{AB1FB49A-1EF0-4F32-8663-EE0013D1C182}.Debug|Any CPU.Build.0 = Debug|Any CPU
		{AB1FB49A-1EF0-4F32-8663-EE0013D1C182}.Release|Any CPU.ActiveCfg = Release|Any CPU
		{AB1FB49A-1EF0-4F32-8663-EE0013D1C182}.Release|Any CPU.Build.0 = Release|Any CPU
	EndGlobalSection
	GlobalSection(SolutionProperties) = preSolution
		HideSolutionNode = FALSE
	EndGlobalSection
	GlobalSection(ExtensibilityGlobals) = postSolution
		SolutionGuid = {D30846A2-988F-4BDB-995C-F81BE2E4747F}
	EndGlobalSection
EndGlobal
